
Microsoft Visual Studio Solution File, Format Version 12.00
# Visual Studio Version 17
VisualStudioVersion = 17.10.35013.160
MinimumVisualStudioVersion = 10.0.40219.1
Project("{FAE04EC0-301F-11D3-BF4B-00C04F79EFBC}") = "MDE_Client", "MDE_Client\MDE_Client.csproj", "{BC824DF2-F83C-462E-A3F9-AE8D7247C27B}"
EndProject
Global
	GlobalSection(SolutionConfigurationPlatforms) = preSolution
		Debug|Any CPU = Debug|Any CPU
		Release|Any CPU = Release|Any CPU
	EndGlobalSection
	GlobalSection(ProjectConfigurationPlatforms) = postSolution
		{BC824DF2-F83C-462E-A3F9-AE8D7247C27B}.Debug|Any CPU.ActiveCfg = Debug|Any CPU
		{BC824DF2-F83C-462E-A3F9-AE8D7247C27B}.Debug|Any CPU.Build.0 = Debug|Any CPU
		{BC824DF2-F83C-462E-A3F9-AE8D7247C27B}.Release|Any CPU.ActiveCfg = Release|Any CPU
		{BC824DF2-F83C-462E-A3F9-AE8D7247C27B}.Release|Any CPU.Build.0 = Release|Any CPU
	EndGlobalSection
	GlobalSection(SolutionProperties) = preSolution
		HideSolutionNode = FALSE
	EndGlobalSection
	GlobalSection(ExtensibilityGlobals) = postSolution
		SolutionGuid = {F3478F7A-05B0-4B53-BE34-1C2007000F41}
	EndGlobalSection
EndGlobal
